// !$*UTF8*$!
{
	archiveVersion = 1;
	classes = {
	};
	objectVersion = 50;
	objects = {

/* Begin PBXBuildFile section */
		C27A661721A96B6900169FBE /* AppDelegate.m in Sources */ = {isa = PBXBuildFile; fileRef = C27A661621A96B6900169FBE /* AppDelegate.m */; };
		C27A661A21A96B6900169FBE /* MainViewController.m in Sources */ = {isa = PBXBuildFile; fileRef = C27A661921A96B6900169FBE /* MainViewController.m */; };
		C27A661D21A96B6900169FBE /* Main.storyboard in Resources */ = {isa = PBXBuildFile; fileRef = C27A661B21A96B6900169FBE /* Main.storyboard */; };
		C27A661F21A96B6B00169FBE /* Assets.xcassets in Resources */ = {isa = PBXBuildFile; fileRef = C27A661E21A96B6B00169FBE /* Assets.xcassets */; };
		C27A662221A96B6B00169FBE /* LaunchScreen.storyboard in Resources */ = {isa = PBXBuildFile; fileRef = C27A662021A96B6B00169FBE /* LaunchScreen.storyboard */; };
		C27A662521A96B6B00169FBE /* main.m in Sources */ = {isa = PBXBuildFile; fileRef = C27A662421A96B6B00169FBE /* main.m */; };
		C27A663121A96DED00169FBE /* SWRevealViewController.m in Sources */ = {isa = PBXBuildFile; fileRef = C27A663021A96DEC00169FBE /* SWRevealViewController.m */; };
		C27A663521A96F0800169FBE /* MenuTableViewController.m in Sources */ = {isa = PBXBuildFile; fileRef = C27A663421A96F0800169FBE /* MenuTableViewController.m */; };
/* End PBXBuildFile section */

/* Begin PBXFileReference section */
		C27A661221A96B6900169FBE /* HTK Soccer.app */ = {isa = PBXFileReference; explicitFileType = wrapper.application; includeInIndex = 0; path = "HTK Soccer.app"; sourceTree = BUILT_PRODUCTS_DIR; };
		C27A661521A96B6900169FBE /* AppDelegate.h */ = {isa = PBXFileReference; lastKnownFileType = sourcecode.c.h; path = AppDelegate.h; sourceTree = "<group>"; };
		C27A661621A96B6900169FBE /* AppDelegate.m */ = {isa = PBXFileReference; lastKnownFileType = sourcecode.c.objc; path = AppDelegate.m; sourceTree = "<group>"; };
		C27A661821A96B6900169FBE /* MainViewController.h */ = {isa = PBXFileReference; lastKnownFileType = sourcecode.c.h; path = MainViewController.h; sourceTree = "<group>"; };
		C27A661921A96B6900169FBE /* MainViewController.m */ = {isa = PBXFileReference; lastKnownFileType = sourcecode.c.objc; path = MainViewController.m; sourceTree = "<group>"; };
		C27A661C21A96B6900169FBE /* Base */ = {isa = PBXFileReference; lastKnownFileType = file.storyboard; name = Base; path = Base.lproj/Main.storyboard; sourceTree = "<group>"; };
		C27A661E21A96B6B00169FBE /* Assets.xcassets */ = {isa = PBXFileReference; lastKnownFileType = folder.assetcatalog; path = Assets.xcassets; sourceTree = "<group>"; };
		C27A662121A96B6B00169FBE /* Base */ = {isa = PBXFileReference; lastKnownFileType = file.storyboard; name = Base; path = Base.lproj/LaunchScreen.storyboard; sourceTree = "<group>"; };
		C27A662321A96B6B00169FBE /* Info.plist */ = {isa = PBXFileReference; lastKnownFileType = text.plist.xml; path = Info.plist; sourceTree = "<group>"; };
		C27A662421A96B6B00169FBE /* main.m */ = {isa = PBXFileReference; lastKnownFileType = sourcecode.c.objc; path = main.m; sourceTree = "<group>"; };
		C27A662F21A96DEC00169FBE /* SWRevealViewController.h */ = {isa = PBXFileReference; fileEncoding = 4; lastKnownFileType = sourcecode.c.h; path = SWRevealViewController.h; sourceTree = "<group>"; };
		C27A663021A96DEC00169FBE /* SWRevealViewController.m */ = {isa = PBXFileReference; fileEncoding = 4; lastKnownFileType = sourcecode.c.objc; path = SWRevealViewController.m; sourceTree = "<group>"; };
		C27A663321A96F0800169FBE /* MenuTableViewController.h */ = {isa = PBXFileReference; lastKnownFileType = sourcecode.c.h; path = MenuTableViewController.h; sourceTree = "<group>"; };
		C27A663421A96F0800169FBE /* MenuTableViewController.m */ = {isa = PBXFileReference; lastKnownFileType = sourcecode.c.objc; path = MenuTableViewController.m; sourceTree = "<group>"; };
/* End PBXFileReference section */

/* Begin PBXFrameworksBuildPhase section */
		C27A660F21A96B6900169FBE /* Frameworks */ = {
			isa = PBXFrameworksBuildPhase;
			buildActionMask = 2147483647;
			files = (
			);
			runOnlyForDeploymentPostprocessing = 0;
		};
/* End PBXFrameworksBuildPhase section */

/* Begin PBXGroup section */
		C27A660921A96B6900169FBE = {
			isa = PBXGroup;
			children = (
				C27A661421A96B6900169FBE /* HTK Soccer */,
				C27A661321A96B6900169FBE /* Products */,
			);
			sourceTree = "<group>";
		};
		C27A661321A96B6900169FBE /* Products */ = {
			isa = PBXGroup;
			children = (
				C27A661221A96B6900169FBE /* HTK Soccer.app */,
			);
			name = Products;
			sourceTree = "<group>";
		};
		C27A661421A96B6900169FBE /* HTK Soccer */ = {
			isa = PBXGroup;
			children = (
				C27A663221A96ECF00169FBE /* Controller */,
				C27A662D21A96DD100169FBE /* Library */,
				C27A662C21A96BB000169FBE /* View */,
				C27A661E21A96B6B00169FBE /* Assets.xcassets */,
				C27A662B21A96B8900169FBE /* Support */,
			);
			path = "HTK Soccer";
			sourceTree = "<group>";
		};
		C27A662B21A96B8900169FBE /* Support */ = {
			isa = PBXGroup;
			children = (
				C27A661521A96B6900169FBE /* AppDelegate.h */,
				C27A661621A96B6900169FBE /* AppDelegate.m */,
				C27A662021A96B6B00169FBE /* LaunchScreen.storyboard */,
				C27A662321A96B6B00169FBE /* Info.plist */,
				C27A662421A96B6B00169FBE /* main.m */,
			);
			path = Support;
			sourceTree = "<group>";
		};
		C27A662C21A96BB000169FBE /* View */ = {
			isa = PBXGroup;
			children = (
				C27A661B21A96B6900169FBE /* Main.storyboard */,
			);
			path = View;
			sourceTree = "<group>";
		};
		C27A662D21A96DD100169FBE /* Library */ = {
			isa = PBXGroup;
			children = (
				C27A662E21A96DEC00169FBE /* SWRevealViewController */,
			);
			path = Library;
			sourceTree = "<group>";
		};
		C27A662E21A96DEC00169FBE /* SWRevealViewController */ = {
			isa = PBXGroup;
			children = (
				C27A662F21A96DEC00169FBE /* SWRevealViewController.h */,
				C27A663021A96DEC00169FBE /* SWRevealViewController.m */,
			);
			path = SWRevealViewController;
			sourceTree = "<group>";
		};
		C27A663221A96ECF00169FBE /* Controller */ = {
			isa = PBXGroup;
			children = (
				C27A661821A96B6900169FBE /* MainViewController.h */,
				C27A661921A96B6900169FBE /* MainViewController.m */,
				C27A663321A96F0800169FBE /* MenuTableViewController.h */,
				C27A663421A96F0800169FBE /* MenuTableViewController.m */,
			);
			path = Controller;
			sourceTree = "<group>";
		};
/* End PBXGroup section */

/* Begin PBXNativeTarget section */
		C27A661121A96B6900169FBE /* HTK Soccer */ = {
			isa = PBXNativeTarget;
			buildConfigurationList = C27A662821A96B6B00169FBE /* Build configuration list for PBXNativeTarget "HTK Soccer" */;
			buildPhases = (
				C27A660E21A96B6900169FBE /* Sources */,
				C27A660F21A96B6900169FBE /* Frameworks */,
				C27A661021A96B6900169FBE /* Resources */,
			);
			buildRules = (
			);
			dependencies = (
			);
			name = "HTK Soccer";
			productName = "HTK Soccer";
			productReference = C27A661221A96B6900169FBE /* HTK Soccer.app */;
			productType = "com.apple.product-type.application";
		};
/* End PBXNativeTarget section */

/* Begin PBXProject section */
		C27A660A21A96B6900169FBE /* Project object */ = {
			isa = PBXProject;
			attributes = {
				LastUpgradeCheck = 0940;
				ORGANIZATIONNAME = "HTK Corp.";
				TargetAttributes = {
					C27A661121A96B6900169FBE = {
						CreatedOnToolsVersion = 9.4.1;
					};
				};
			};
			buildConfigurationList = C27A660D21A96B6900169FBE /* Build configuration list for PBXProject "HTK Soccer" */;
			compatibilityVersion = "Xcode 9.3";
			developmentRegion = en;
			hasScannedForEncodings = 0;
			knownRegions = (
				en,
				Base,
			);
			mainGroup = C27A660921A96B6900169FBE;
			productRefGroup = C27A661321A96B6900169FBE /* Products */;
			projectDirPath = "";
			projectRoot = "";
			targets = (
				C27A661121A96B6900169FBE /* HTK Soccer */,
			);
		};
/* End PBXProject section */

/* Begin PBXResourcesBuildPhase section */
		C27A661021A96B6900169FBE /* Resources */ = {
			isa = PBXResourcesBuildPhase;
			buildActionMask = 2147483647;
			files = (
				C27A662221A96B6B00169FBE /* LaunchScreen.storyboard in Resources */,
				C27A661F21A96B6B00169FBE /* Assets.xcassets in Resources */,
				C27A661D21A96B6900169FBE /* Main.storyboard in Resources */,
			);
			runOnlyForDeploymentPostprocessing = 0;
		};
/* End PBXResourcesBuildPhase section */

/* Begin PBXSourcesBuildPhase section */
		C27A660E21A96B6900169FBE /* Sources */ = {
			isa = PBXSourcesBuildPhase;
			buildActionMask = 2147483647;
			files = (
				C27A661A21A96B6900169FBE /* MainViewController.m in Sources */,
				C27A662521A96B6B00169FBE /* main.m in Sources */,
				C27A661721A96B6900169FBE /* AppDelegate.m in Sources */,
				C27A663121A96DED00169FBE /* SWRevealViewController.m in Sources */,
				C27A663521A96F0800169FBE /* MenuTableViewController.m in Sources */,
			);
			runOnlyForDeploymentPostprocessing = 0;
		};
/* End PBXSourcesBuildPhase section */

/* Begin PBXVariantGroup section */
		C27A661B21A96B6900169FBE /* Main.storyboard */ = {
			isa = PBXVariantGroup;
			children = (
				C27A661C21A96B6900169FBE /* Base */,
			);
			name = Main.storyboard;
			sourceTree = "<group>";
		};
		C27A662021A96B6B00169FBE /* LaunchScreen.storyboard */ = {
			isa = PBXVariantGroup;
			children = (
				C27A662121A96B6B00169FBE /* Base */,
			);
			name = LaunchScreen.storyboard;
			sourceTree = "<group>";
		};
/* End PBXVariantGroup section */

/* Begin XCBuildConfiguration section */
		C27A662621A96B6B00169FBE /* Debug */ = {
			isa = XCBuildConfiguration;
			buildSettings = {
				ALWAYS_SEARCH_USER_PATHS = NO;
				CLANG_ANALYZER_NONNULL = YES;
				CLANG_ANALYZER_NUMBER_OBJECT_CONVERSION = YES_AGGRESSIVE;
				CLANG_CXX_LANGUAGE_STANDARD = "gnu++14";
				CLANG_CXX_LIBRARY = "libc++";
				CLANG_ENABLE_MODULES = YES;
				CLANG_ENABLE_OBJC_ARC = YES;
				CLANG_ENABLE_OBJC_WEAK = YES;
				CLANG_WARN_BLOCK_CAPTURE_AUTORELEASING = YES;
				CLANG_WARN_BOOL_CONVERSION = YES;
				CLANG_WARN_COMMA = YES;
				CLANG_WARN_CONSTANT_CONVERSION = YES;
				CLANG_WARN_DEPRECATED_OBJC_IMPLEMENTATIONS = YES;
				CLANG_WARN_DIRECT_OBJC_ISA_USAGE = YES_ERROR;
				CLANG_WARN_DOCUMENTATION_COMMENTS = YES;
				CLANG_WARN_EMPTY_BODY = YES;
				CLANG_WARN_ENUM_CONVERSION = YES;
				CLANG_WARN_INFINITE_RECURSION = YES;
				CLANG_WARN_INT_CONVERSION = YES;
				CLANG_WARN_NON_LITERAL_NULL_CONVERSION = YES;
				CLANG_WARN_OBJC_IMPLICIT_RETAIN_SELF = YES;
				CLANG_WARN_OBJC_LITERAL_CONVERSION = YES;
				CLANG_WARN_OBJC_ROOT_CLASS = YES_ERROR;
				CLANG_WARN_RANGE_LOOP_ANALYSIS = YES;
				CLANG_WARN_STRICT_PROTOTYPES = YES;
				CLANG_WARN_SUSPICIOUS_MOVE = YES;
				CLANG_WARN_UNGUARDED_AVAILABILITY = YES_AGGRESSIVE;
				CLANG_WARN_UNREACHABLE_CODE = YES;
				CLANG_WARN__DUPLICATE_METHOD_MATCH = YES;
				CODE_SIGN_IDENTITY = "iPhone Developer";
				COPY_PHASE_STRIP = NO;
				DEBUG_INFORMATION_FORMAT = dwarf;
				ENABLE_STRICT_OBJC_MSGSEND = YES;
				ENABLE_TESTABILITY = YES;
				GCC_C_LANGUAGE_STANDARD = gnu11;
				GCC_DYNAMIC_NO_PIC = NO;
				GCC_NO_COMMON_BLOCKS = YES;
				GCC_OPTIMIZATION_LEVEL = 0;
				GCC_PREPROCESSOR_DEFINITIONS = (
					"DEBUG=1",
					"$(inherited)",
				);
				GCC_WARN_64_TO_32_BIT_CONVERSION = YES;
				GCC_WARN_ABOUT_RETURN_TYPE = YES_ERROR;
				GCC_WARN_UNDECLARED_SELECTOR = YES;
				GCC_WARN_UNINITIALIZED_AUTOS = YES_AGGRESSIVE;
				GCC_WARN_UNUSED_FUNCTION = YES;
				GCC_WARN_UNUSED_VARIABLE = YES;
				IPHONEOS_DEPLOYMENT_TARGET = 11.4;
				MTL_ENABLE_DEBUG_INFO = YES;
				ONLY_ACTIVE_ARCH = YES;
				SDKROOT = iphoneos;
			};
			name = Debug;
		};
		C27A662721A96B6B00169FBE /* Release */ = {
			isa = XCBuildConfiguration;
			buildSettings = {
				ALWAYS_SEARCH_USER_PATHS = NO;
				CLANG_ANALYZER_NONNULL = YES;
				CLANG_ANALYZER_NUMBER_OBJECT_CONVERSION = YES_AGGRESSIVE;
				CLANG_CXX_LANGUAGE_STANDARD = "gnu++14";
				CLANG_CXX_LIBRARY = "libc++";
				CLANG_ENABLE_MODULES = YES;
				CLANG_ENABLE_OBJC_ARC = YES;
				CLANG_ENABLE_OBJC_WEAK = YES;
				CLANG_WARN_BLOCK_CAPTURE_AUTORELEASING = YES;
				CLANG_WARN_BOOL_CONVERSION = YES;
				CLANG_WARN_COMMA = YES;
				CLANG_WARN_CONSTANT_CONVERSION = YES;
				CLANG_WARN_DEPRECATED_OBJC_IMPLEMENTATIONS = YES;
				CLANG_WARN_DIRECT_OBJC_ISA_USAGE = YES_ERROR;
				CLANG_WARN_DOCUMENTATION_COMMENTS = YES;
				CLANG_WARN_EMPTY_BODY = YES;
				CLANG_WARN_ENUM_CONVERSION = YES;
				CLANG_WARN_INFINITE_RECURSION = YES;
				CLANG_WARN_INT_CONVERSION = YES;
				CLANG_WARN_NON_LITERAL_NULL_CONVERSION = YES;
				CLANG_WARN_OBJC_IMPLICIT_RETAIN_SELF = YES;
				CLANG_WARN_OBJC_LITERAL_CONVERSION = YES;
				CLANG_WARN_OBJC_ROOT_CLASS = YES_ERROR;
				CLANG_WARN_RANGE_LOOP_ANALYSIS = YES;
				CLANG_WARN_STRICT_PROTOTYPES = YES;
				CLANG_WARN_SUSPICIOUS_MOVE = YES;
				CLANG_WARN_UNGUARDED_AVAILABILITY = YES_AGGRESSIVE;
				CLANG_WARN_UNREACHABLE_CODE = YES;
				CLANG_WARN__DUPLICATE_METHOD_MATCH = YES;
				CODE_SIGN_IDENTITY = "iPhone Developer";
				COPY_PHASE_STRIP = NO;
				DEBUG_INFORMATION_FORMAT = "dwarf-with-dsym";
				ENABLE_NS_ASSERTIONS = NO;
				ENABLE_STRICT_OBJC_MSGSEND = YES;
				GCC_C_LANGUAGE_STANDARD = gnu11;
				GCC_NO_COMMON_BLOCKS = YES;
				GCC_WARN_64_TO_32_BIT_CONVERSION = YES;
				GCC_WARN_ABOUT_RETURN_TYPE = YES_ERROR;
				GCC_WARN_UNDECLARED_SELECTOR = YES;
				GCC_WARN_UNINITIALIZED_AUTOS = YES_AGGRESSIVE;
				GCC_WARN_UNUSED_FUNCTION = YES;
				GCC_WARN_UNUSED_VARIABLE = YES;
				IPHONEOS_DEPLOYMENT_TARGET = 11.4;
				MTL_ENABLE_DEBUG_INFO = NO;
				SDKROOT = iphoneos;
				VALIDATE_PRODUCT = YES;
			};
			name = Release;
		};
		C27A662921A96B6B00169FBE /* Debug */ = {
			isa = XCBuildConfiguration;
			buildSettings = {
				ASSETCATALOG_COMPILER_APPICON_NAME = AppIcon;
				CODE_SIGN_STYLE = Automatic;
				DEVELOPMENT_TEAM = NYH28ZBEQ4;
				INFOPLIST_FILE = "$(SRCROOT)/HTK Soccer/Support/Info.plist";
				LD_RUNPATH_SEARCH_PATHS = (
					"$(inherited)",
					"@executable_path/Frameworks",
				);
				PRODUCT_BUNDLE_IDENTIFIER = "vn.khiemht.HTK-Soccer";
				PRODUCT_NAME = "$(TARGET_NAME)";
				TARGETED_DEVICE_FAMILY = "1,2";
			};
			name = Debug;
		};
		C27A662A21A96B6B00169FBE /* Release */ = {
			isa = XCBuildConfiguration;
			buildSettings = {
				ASSETCATALOG_COMPILER_APPICON_NAME = AppIcon;
				CODE_SIGN_STYLE = Automatic;
				DEVELOPMENT_TEAM = NYH28ZBEQ4;
				INFOPLIST_FILE = "$(SRCROOT)/HTK Soccer/Support/Info.plist";
				LD_RUNPATH_SEARCH_PATHS = (
					"$(inherited)",
					"@executable_path/Frameworks",
				);
				PRODUCT_BUNDLE_IDENTIFIER = "vn.khiemht.HTK-Soccer";
				PRODUCT_NAME = "$(TARGET_NAME)";
				TARGETED_DEVICE_FAMILY = "1,2";
			};
			name = Release;
		};
/* End XCBuildConfiguration section */

/* Begin XCConfigurationList section */
		C27A660D21A96B6900169FBE /* Build configuration list for PBXProject "HTK Soccer" */ = {
			isa = XCConfigurationList;
			buildConfigurations = (
				C27A662621A96B6B00169FBE /* Debug */,
				C27A662721A96B6B00169FBE /* Release */,
			);
			defaultConfigurationIsVisible = 0;
			defaultConfigurationName = Release;
		};
		C27A662821A96B6B00169FBE /* Build configuration list for PBXNativeTarget "HTK Soccer" */ = {
			isa = XCConfigurationList;
			buildConfigurations = (
				C27A662921A96B6B00169FBE /* Debug */,
				C27A662A21A96B6B00169FBE /* Release */,
			);
			defaultConfigurationIsVisible = 0;
			defaultConfigurationName = Release;
		};
/* End XCConfigurationList section */
	};
	rootObject = C27A660A21A96B6900169FBE /* Project object */;
}
